
Microsoft Visual Studio Solution File, Format Version 12.00
# Visual Studio Version 16
VisualStudioVersion = 16.0.31727.386
MinimumVisualStudioVersion = 10.0.40219.1
Project("{9A19103F-16F7-4668-BE54-9A1E7A4F7556}") = "wasp.Core", "wasp.Core\wasp.Core.csproj", "{B0CD2E58-3B66-49B1-98A0-2CA07AF3CC02}"
EndProject
Project("{9A19103F-16F7-4668-BE54-9A1E7A4F7556}") = "Python.Runtime", "pythonnet-master\src\runtime\Python.Runtime.csproj", "{7E7C2506-0DFD-41A5-9EDD-D578EE235B24}"
EndProject
Project("{9A19103F-16F7-4668-BE54-9A1E7A4F7556}") = "wasp.WebApi", "wasp.WebApi\wasp.WebApi.csproj", "{721E4074-A933-4147-B517-D82E89CA1E9F}"
EndProject
Project("{FAE04EC0-301F-11D3-BF4B-00C04F79EFBC}") = "wasp.Test", "wasp.Test\wasp.Test.csproj", "{CDB5D420-F8AD-4164-BE07-3B8F69D81A6F}"
EndProject
Project("{FAE04EC0-301F-11D3-BF4B-00C04F79EFBC}") = "wasp.TestRun", "wasp.TestRun\wasp.TestRun.csproj", "{38BDB96A-8A9D-4B65-8FEB-F4819419B48A}"
EndProject
Project("{FAE04EC0-301F-11D3-BF4B-00C04F79EFBC}") = "IronSphere.Extensions", "..\IronSphere.Extensions\IronSphere.Extensions\IronSphere.Extensions.csproj", "{7AA1F036-1F95-4ECE-8043-27C26208EC27}"
EndProject
Global
	GlobalSection(SolutionConfigurationPlatforms) = preSolution
		Debug|Any CPU = Debug|Any CPU
		Release|Any CPU = Release|Any CPU
	EndGlobalSection
	GlobalSection(ProjectConfigurationPlatforms) = postSolution
		{B0CD2E58-3B66-49B1-98A0-2CA07AF3CC02}.Debug|Any CPU.ActiveCfg = Debug|Any CPU
		{B0CD2E58-3B66-49B1-98A0-2CA07AF3CC02}.Debug|Any CPU.Build.0 = Debug|Any CPU
		{B0CD2E58-3B66-49B1-98A0-2CA07AF3CC02}.Release|Any CPU.ActiveCfg = Release|Any CPU
		{B0CD2E58-3B66-49B1-98A0-2CA07AF3CC02}.Release|Any CPU.Build.0 = Release|Any CPU
		{7E7C2506-0DFD-41A5-9EDD-D578EE235B24}.Debug|Any CPU.ActiveCfg = Debug|Any CPU
		{7E7C2506-0DFD-41A5-9EDD-D578EE235B24}.Debug|Any CPU.Build.0 = Debug|Any CPU
		{7E7C2506-0DFD-41A5-9EDD-D578EE235B24}.Release|Any CPU.ActiveCfg = Release|Any CPU
		{7E7C2506-0DFD-41A5-9EDD-D578EE235B24}.Release|Any CPU.Build.0 = Release|Any CPU
		{721E4074-A933-4147-B517-D82E89CA1E9F}.Debug|Any CPU.ActiveCfg = Debug|Any CPU
		{721E4074-A933-4147-B517-D82E89CA1E9F}.Debug|Any CPU.Build.0 = Debug|Any CPU
		{721E4074-A933-4147-B517-D82E89CA1E9F}.Release|Any CPU.ActiveCfg = Release|Any CPU
		{721E4074-A933-4147-B517-D82E89CA1E9F}.Release|Any CPU.Build.0 = Release|Any CPU
		{CDB5D420-F8AD-4164-BE07-3B8F69D81A6F}.Debug|Any CPU.ActiveCfg = Debug|Any CPU
		{CDB5D420-F8AD-4164-BE07-3B8F69D81A6F}.Debug|Any CPU.Build.0 = Debug|Any CPU
		{CDB5D420-F8AD-4164-BE07-3B8F69D81A6F}.Release|Any CPU.ActiveCfg = Release|Any CPU
		{CDB5D420-F8AD-4164-BE07-3B8F69D81A6F}.Release|Any CPU.Build.0 = Release|Any CPU
		{38BDB96A-8A9D-4B65-8FEB-F4819419B48A}.Debug|Any CPU.ActiveCfg = Debug|Any CPU
		{38BDB96A-8A9D-4B65-8FEB-F4819419B48A}.Debug|Any CPU.Build.0 = Debug|Any CPU
		{38BDB96A-8A9D-4B65-8FEB-F4819419B48A}.Release|Any CPU.ActiveCfg = Release|Any CPU
		{38BDB96A-8A9D-4B65-8FEB-F4819419B48A}.Release|Any CPU.Build.0 = Release|Any CPU
		{7AA1F036-1F95-4ECE-8043-27C26208EC27}.Debug|Any CPU.ActiveCfg = Debug|Any CPU
		{7AA1F036-1F95-4ECE-8043-27C26208EC27}.Debug|Any CPU.Build.0 = Debug|Any CPU
		{7AA1F036-1F95-4ECE-8043-27C26208EC27}.Release|Any CPU.ActiveCfg = Release|Any CPU
		{7AA1F036-1F95-4ECE-8043-27C26208EC27}.Release|Any CPU.Build.0 = Release|Any CPU
	EndGlobalSection
	GlobalSection(SolutionProperties) = preSolution
		HideSolutionNode = FALSE
	EndGlobalSection
	GlobalSection(ExtensibilityGlobals) = postSolution
		SolutionGuid = {037F265C-7F73-499D-A315-A87646219C15}
	EndGlobalSection
EndGlobal
